PODS:
  - Alamofire (5.4.1)
  - AlamofireImage (4.1.0):
    - Alamofire (~> 5.1)
  - Differentiator (4.0.1)
  - Nuke (9.2.3)
  - Realm (10.5.0):
    - Realm/Headers (= 10.5.0)
  - Realm/Headers (10.5.0)
  - RealmSwift (10.5.0):
    - Realm (= 10.5.0)
  - RxCocoa (5.1.1):
    - RxRelay (~> 5)
    - RxSwift (~> 5)
  - RxDataSources (4.0.1):
    - Differentiator (~> 4.0)
    - RxCocoa (~> 5.0)
    - RxSwift (~> 5.0)
  - RxRealm (4.0.3):
    - Realm (~> 10.5)
    - RealmSwift (~> 10.5)
    - RxCocoa (~> 5.1)
    - RxSwift (~> 5.1)
  - RxRelay (5.1.1):
    - RxSwift (~> 5)
  - RxSwift (5.1.1)

DEPENDENCIES:
  - Alamofire
  - AlamofireImage
  - Nuke
  - RealmSwift
  - RxCocoa
  - RxDataSources
  - RxRealm
  - RxSwift

SPEC REPOS:
  trunk:
    - Alamofire
    - AlamofireImage
    - Differentiator
    - Nuke
    - Realm
    - RealmSwift
    - RxCocoa
    - RxDataSources
    - RxRealm
    - RxRelay
    - RxSwift

SPEC CHECKSUMS:
  Alamofire: 2291f7d21ca607c491dd17642e5d40fdcda0e65c
  AlamofireImage: c4a2ba349885fb3064feb74d2e547bd42ce9be10
  Differentiator: 886080237d9f87f322641dedbc5be257061b0602
  Nuke: 3dd19fd03612c179036d2af7f56ec57cb84144e2
  Realm: e1c22c3d83b229afb70ebc10e1771c91e9542d12
  RealmSwift: 6fc078d9d3fd7e58c71bfdbb694e252462f112a5
  RxCocoa: 32065309a38d29b5b0db858819b5bf9ef038b601
  RxDataSources: efee07fa4de48477eca0a4611e6d11e2da9c1114
  RxRealm: 80e8dc97f7b664d9b89192ac850daaa33c34d157
  RxRelay: d77f7d771495f43c556cbc43eebd1bb54d01e8e9
  RxSwift: 81470a2074fa8780320ea5fe4102807cb7118178

PODFILE CHECKSUM: e828f3a109093d54c5857460e0ad25952cc05e09

COCOAPODS: 1.10.0
